
Microsoft Visual Studio Solution File, Format Version 12.00
# Visual Studio Version 16
VisualStudioVersion = 16.0.29009.5
MinimumVisualStudioVersion = 10.0.40219.1
Project("{FAE04EC0-301F-11D3-BF4B-00C04F79EFBC}") = "HookSharp", "HookSharp\HookSharp.csproj", "{8F83F0BE-402E-40CC-A658-FE96363138EF}"
EndProject
Global
	GlobalSection(SolutionConfigurationPlatforms) = preSolution
		Debug|Any CPU = Debug|Any CPU
		Release|Any CPU = Release|Any CPU
	EndGlobalSection
	GlobalSection(ProjectConfigurationPlatforms) = postSolution
		{8F83F0BE-402E-40CC-A658-FE96363138EF}.Debug|Any CPU.ActiveCfg = Debug|Any CPU
		{8F83F0BE-402E-40CC-A658-FE96363138EF}.Debug|Any CPU.Build.0 = Debug|Any CPU
		{8F83F0BE-402E-40CC-A658-FE96363138EF}.Release|Any CPU.ActiveCfg = Release|Any CPU
		{8F83F0BE-402E-40CC-A658-FE96363138EF}.Release|Any CPU.Build.0 = Release|Any CPU
	EndGlobalSection
	GlobalSection(SolutionProperties) = preSolution
		HideSolutionNode = FALSE
	EndGlobalSection
	GlobalSection(ExtensibilityGlobals) = postSolution
		SolutionGuid = {B6EFA772-2DB1-4A72-8A42-1943B330DA59}
	EndGlobalSection
EndGlobal
